
Microsoft Visual Studio Solution File, Format Version 12.00
# Visual Studio Version 17
VisualStudioVersion = 17.6.33723.286
MinimumVisualStudioVersion = 10.0.40219.1
Project("{FAE04EC0-301F-11D3-BF4B-00C04F79EFBC}") = "Finances", "Finances\Finances.csproj", "{F980BB31-D9AA-4674-9F40-B14156B2DC65}"
EndProject
Global
	GlobalSection(SolutionConfigurationPlatforms) = preSolution
		Debug|Any CPU = Debug|Any CPU
		Release|Any CPU = Release|Any CPU
	EndGlobalSection
	GlobalSection(ProjectConfigurationPlatforms) = postSolution
		{F980BB31-D9AA-4674-9F40-B14156B2DC65}.Debug|Any CPU.ActiveCfg = Debug|Any CPU
		{F980BB31-D9AA-4674-9F40-B14156B2DC65}.Debug|Any CPU.Build.0 = Debug|Any CPU
		{F980BB31-D9AA-4674-9F40-B14156B2DC65}.Release|Any CPU.ActiveCfg = Release|Any CPU
		{F980BB31-D9AA-4674-9F40-B14156B2DC65}.Release|Any CPU.Build.0 = Release|Any CPU
	EndGlobalSection
	GlobalSection(SolutionProperties) = preSolution
		HideSolutionNode = FALSE
	EndGlobalSection
	GlobalSection(ExtensibilityGlobals) = postSolution
		SolutionGuid = {467E14CC-E727-4D65-95C2-9A39EB5896FC}
	EndGlobalSection
EndGlobal
